
Microsoft Visual Studio Solution File, Format Version 12.00
# Visual Studio Version 16
VisualStudioVersion = 25.0.1706.12
MinimumVisualStudioVersion = 10.0.40219.1
Project("{FAE04EC0-301F-11D3-BF4B-00C04F79EFBC}") = "LibraryAPI", "LibraryAPI\LibraryAPI.csproj", "{8BFB030D-FA6D-46B1-8044-4999906393F5}"
EndProject
Global
	GlobalSection(SolutionConfigurationPlatforms) = preSolution
		Debug|Any CPU = Debug|Any CPU
		Release|Any CPU = Release|Any CPU
	EndGlobalSection
	GlobalSection(ProjectConfigurationPlatforms) = postSolution
		{8BFB030D-FA6D-46B1-8044-4999906393F5}.Debug|Any CPU.ActiveCfg = Debug|Any CPU
		{8BFB030D-FA6D-46B1-8044-4999906393F5}.Debug|Any CPU.Build.0 = Debug|Any CPU
		{8BFB030D-FA6D-46B1-8044-4999906393F5}.Release|Any CPU.ActiveCfg = Release|Any CPU
		{8BFB030D-FA6D-46B1-8044-4999906393F5}.Release|Any CPU.Build.0 = Release|Any CPU
	EndGlobalSection
	GlobalSection(SolutionProperties) = preSolution
		HideSolutionNode = FALSE
	EndGlobalSection
	GlobalSection(ExtensibilityGlobals) = postSolution
		SolutionGuid = {CB2BF147-ECC8-4DB4-8BFE-409B87506288}
	EndGlobalSection
EndGlobal
